
Microsoft Visual Studio Solution File, Format Version 12.00
# Visual Studio Version 18
VisualStudioVersion = 18.2.11415.280 d18.0
MinimumVisualStudioVersion = 10.0.40219.1
Project("{FAE04EC0-301F-11D3-BF4B-00C04F79EFBC}") = "LiveTracking.Api", "LiveTracking.Api.csproj", "{58497AE6-9341-C416-6EF2-1E730874D186}"
EndProject
Global
	GlobalSection(SolutionConfigurationPlatforms) = preSolution
		Debug|Any CPU = Debug|Any CPU
		Release|Any CPU = Release|Any CPU
	EndGlobalSection
	GlobalSection(ProjectConfigurationPlatforms) = postSolution
		{58497AE6-9341-C416-6EF2-1E730874D186}.Debug|Any CPU.ActiveCfg = Debug|Any CPU
		{58497AE6-9341-C416-6EF2-1E730874D186}.Debug|Any CPU.Build.0 = Debug|Any CPU
		{58497AE6-9341-C416-6EF2-1E730874D186}.Release|Any CPU.ActiveCfg = Release|Any CPU
		{58497AE6-9341-C416-6EF2-1E730874D186}.Release|Any CPU.Build.0 = Release|Any CPU
	EndGlobalSection
	GlobalSection(SolutionProperties) = preSolution
		HideSolutionNode = FALSE
	EndGlobalSection
	GlobalSection(ExtensibilityGlobals) = postSolution
		SolutionGuid = {216AFA62-A1D4-45C8-9A6F-C3C17D3D9646}
	EndGlobalSection
EndGlobal
